
Microsoft Visual Studio Solution File, Format Version 12.00
# Visual Studio 15
VisualStudioVersion = 15.0.28124.53
MinimumVisualStudioVersion = 10.0.40219.1
Project("{FAE04EC0-301F-11D3-BF4B-00C04F79EFBC}") = "BotHost", "BotHost\BotHost.csproj", "{884B9DFE-247A-4CE8-B90A-0AB7A0BA7888}"
EndProject
Project("{FAE04EC0-301F-11D3-BF4B-00C04F79EFBC}") = "AutoUpdateLib", "AutoUpdateLib\AutoUpdateLib.csproj", "{8AFA1C36-5892-42F2-825B-E03939397454}"
EndProject
Project("{FAE04EC0-301F-11D3-BF4B-00C04F79EFBC}") = "LicenseChecker", "LicenseChecker\LicenseChecker.csproj", "{D93C91E2-EA17-4E07-A0C3-1C3C8B473F23}"
EndProject
Project("{9A19103F-16F7-4668-BE54-9A1E7A4F7556}") = "LicenseChecker.UnitTests", "LicenseChecker.UnitTests\LicenseChecker.UnitTests.csproj", "{3F483E24-D9F9-41B0-973C-4C2AF39AD72C}"
EndProject
Global
	GlobalSection(SolutionConfigurationPlatforms) = preSolution
		Debug|Any CPU = Debug|Any CPU
		Release|Any CPU = Release|Any CPU
	EndGlobalSection
	GlobalSection(ProjectConfigurationPlatforms) = postSolution
		{884B9DFE-247A-4CE8-B90A-0AB7A0BA7888}.Debug|Any CPU.ActiveCfg = Debug|Any CPU
		{884B9DFE-247A-4CE8-B90A-0AB7A0BA7888}.Debug|Any CPU.Build.0 = Debug|Any CPU
		{884B9DFE-247A-4CE8-B90A-0AB7A0BA7888}.Release|Any CPU.ActiveCfg = Release|Any CPU
		{884B9DFE-247A-4CE8-B90A-0AB7A0BA7888}.Release|Any CPU.Build.0 = Release|Any CPU
		{8AFA1C36-5892-42F2-825B-E03939397454}.Debug|Any CPU.ActiveCfg = Debug|Any CPU
		{8AFA1C36-5892-42F2-825B-E03939397454}.Debug|Any CPU.Build.0 = Debug|Any CPU
		{8AFA1C36-5892-42F2-825B-E03939397454}.Release|Any CPU.ActiveCfg = Release|Any CPU
		{8AFA1C36-5892-42F2-825B-E03939397454}.Release|Any CPU.Build.0 = Release|Any CPU
		{D93C91E2-EA17-4E07-A0C3-1C3C8B473F23}.Debug|Any CPU.ActiveCfg = Debug|Any CPU
		{D93C91E2-EA17-4E07-A0C3-1C3C8B473F23}.Debug|Any CPU.Build.0 = Debug|Any CPU
		{D93C91E2-EA17-4E07-A0C3-1C3C8B473F23}.Release|Any CPU.ActiveCfg = Release|Any CPU
		{D93C91E2-EA17-4E07-A0C3-1C3C8B473F23}.Release|Any CPU.Build.0 = Release|Any CPU
		{3F483E24-D9F9-41B0-973C-4C2AF39AD72C}.Debug|Any CPU.ActiveCfg = Debug|Any CPU
		{3F483E24-D9F9-41B0-973C-4C2AF39AD72C}.Debug|Any CPU.Build.0 = Debug|Any CPU
		{3F483E24-D9F9-41B0-973C-4C2AF39AD72C}.Release|Any CPU.ActiveCfg = Release|Any CPU
		{3F483E24-D9F9-41B0-973C-4C2AF39AD72C}.Release|Any CPU.Build.0 = Release|Any CPU
	EndGlobalSection
	GlobalSection(SolutionProperties) = preSolution
		HideSolutionNode = FALSE
	EndGlobalSection
EndGlobal
